
Microsoft Visual Studio Solution File, Format Version 12.00
# Visual Studio Version 17
VisualStudioVersion = 17.1.32228.430
MinimumVisualStudioVersion = 10.0.40219.1
Project("{00D1A9C2-B5F0-4AF3-8072-F6C62B433612}") = "DataBase", "DataBase.sqlproj", "{AAF46788-EDCE-4979-B17E-AC49A60DE0B4}"
EndProject
Global
	GlobalSection(SolutionConfigurationPlatforms) = preSolution
		Debug|Any CPU = Debug|Any CPU
		Release|Any CPU = Release|Any CPU
	EndGlobalSection
	GlobalSection(ProjectConfigurationPlatforms) = postSolution
		{AAF46788-EDCE-4979-B17E-AC49A60DE0B4}.Debug|Any CPU.ActiveCfg = Debug|Any CPU
		{AAF46788-EDCE-4979-B17E-AC49A60DE0B4}.Debug|Any CPU.Build.0 = Debug|Any CPU
		{AAF46788-EDCE-4979-B17E-AC49A60DE0B4}.Debug|Any CPU.Deploy.0 = Debug|Any CPU
		{AAF46788-EDCE-4979-B17E-AC49A60DE0B4}.Release|Any CPU.ActiveCfg = Release|Any CPU
		{AAF46788-EDCE-4979-B17E-AC49A60DE0B4}.Release|Any CPU.Build.0 = Release|Any CPU
		{AAF46788-EDCE-4979-B17E-AC49A60DE0B4}.Release|Any CPU.Deploy.0 = Release|Any CPU
	EndGlobalSection
	GlobalSection(SolutionProperties) = preSolution
		HideSolutionNode = FALSE
	EndGlobalSection
	GlobalSection(ExtensibilityGlobals) = postSolution
		SolutionGuid = {F9B98551-19D3-4493-8F23-C1131A5CC30A}
	EndGlobalSection
EndGlobal
